// !$*UTF8*$!
{
	archiveVersion = 1;
	classes = {
	};
	objectVersion = 50;
	objects = {

/* Begin PBXBuildFile section */
		B20B318B230D7B0D002F6A7D /* SceneViewModelFactory.swift in Sources */ = {isa = PBXBuildFile; fileRef = B20B318A230D7B0D002F6A7D /* SceneViewModelFactory.swift */; };
		B20B3191230D7D9D002F6A7D /* SomeSceneViewModel.swift in Sources */ = {isa = PBXBuildFile; fileRef = B20B318D230D7D9D002F6A7D /* SomeSceneViewModel.swift */; };
		B20B3193230D7D9D002F6A7D /* SomeSceneViewModelIO.swift in Sources */ = {isa = PBXBuildFile; fileRef = B20B318F230D7D9D002F6A7D /* SomeSceneViewModelIO.swift */; };
		B240364622AD8F86001C3D00 /* AppDelegate.swift in Sources */ = {isa = PBXBuildFile; fileRef = B240364522AD8F86001C3D00 /* AppDelegate.swift */; };
		B240364822AD8F86001C3D00 /* SceneDelegate.swift in Sources */ = {isa = PBXBuildFile; fileRef = B240364722AD8F86001C3D00 /* SceneDelegate.swift */; };
		B240364A22AD8F86001C3D00 /* SomeSceneView.swift in Sources */ = {isa = PBXBuildFile; fileRef = B240364922AD8F86001C3D00 /* SomeSceneView.swift */; };
		B240364C22AD8F86001C3D00 /* Assets.xcassets in Resources */ = {isa = PBXBuildFile; fileRef = B240364B22AD8F86001C3D00 /* Assets.xcassets */; };
		B240364F22AD8F86001C3D00 /* Preview Assets.xcassets in Resources */ = {isa = PBXBuildFile; fileRef = B240364E22AD8F86001C3D00 /* Preview Assets.xcassets */; };
		B240365222AD8F86001C3D00 /* LaunchScreen.storyboard in Resources */ = {isa = PBXBuildFile; fileRef = B240365022AD8F86001C3D00 /* LaunchScreen.storyboard */; };
		B240365E22AD90BA001C3D00 /* ApplicationCoordinator.swift in Sources */ = {isa = PBXBuildFile; fileRef = B240365D22AD90BA001C3D00 /* ApplicationCoordinator.swift */; };
		B240366522AD90FF001C3D00 /* SceneFactory.swift in Sources */ = {isa = PBXBuildFile; fileRef = B240366122AD90FE001C3D00 /* SceneFactory.swift */; };
		B240366622AD90FF001C3D00 /* CoordinatorFactory.swift in Sources */ = {isa = PBXBuildFile; fileRef = B240366222AD90FF001C3D00 /* CoordinatorFactory.swift */; };
		B240366722AD90FF001C3D00 /* CoordinatorFactoryImp.swift in Sources */ = {isa = PBXBuildFile; fileRef = B240366322AD90FF001C3D00 /* CoordinatorFactoryImp.swift */; };
		B240366822AD90FF001C3D00 /* SceneFactoryImp.swift in Sources */ = {isa = PBXBuildFile; fileRef = B240366422AD90FF001C3D00 /* SceneFactoryImp.swift */; };
		B240366E22AD916D001C3D00 /* Router.swift in Sources */ = {isa = PBXBuildFile; fileRef = B240366C22AD916D001C3D00 /* Router.swift */; };
		B240366F22AD916D001C3D00 /* RouterImp.swift in Sources */ = {isa = PBXBuildFile; fileRef = B240366D22AD916D001C3D00 /* RouterImp.swift */; };
		B240367522AD91A5001C3D00 /* Coordinator.swift in Sources */ = {isa = PBXBuildFile; fileRef = B240367222AD91A5001C3D00 /* Coordinator.swift */; };
		B240367622AD91A5001C3D00 /* Presentable.swift in Sources */ = {isa = PBXBuildFile; fileRef = B240367322AD91A5001C3D00 /* Presentable.swift */; };
		B240367A22AD91DF001C3D00 /* TableViewCellType.swift in Sources */ = {isa = PBXBuildFile; fileRef = B240367822AD91DF001C3D00 /* TableViewCellType.swift */; };
		B240367B22AD91DF001C3D00 /* CollectionViewCellType.swift in Sources */ = {isa = PBXBuildFile; fileRef = B240367922AD91DF001C3D00 /* CollectionViewCellType.swift */; };
		B240368022AD91EF001C3D00 /* Colors.swift in Sources */ = {isa = PBXBuildFile; fileRef = B240367C22AD91EE001C3D00 /* Colors.swift */; };
		B240368122AD91EF001C3D00 /* Assets.swift in Sources */ = {isa = PBXBuildFile; fileRef = B240367D22AD91EE001C3D00 /* Assets.swift */; };
		B240368222AD91EF001C3D00 /* Constants.swift in Sources */ = {isa = PBXBuildFile; fileRef = B240367E22AD91EE001C3D00 /* Constants.swift */; };
		B240368322AD91EF001C3D00 /* Fonts.swift in Sources */ = {isa = PBXBuildFile; fileRef = B240367F22AD91EE001C3D00 /* Fonts.swift */; };
		B240368522AD974E001C3D00 /* Storage.swift in Sources */ = {isa = PBXBuildFile; fileRef = B240368422AD974E001C3D00 /* Storage.swift */; };
		B240368722AD98BE001C3D00 /* Configuration.swift in Sources */ = {isa = PBXBuildFile; fileRef = B240368622AD98BE001C3D00 /* Configuration.swift */; };
		B240368F22AD99FC001C3D00 /* BaseNavigationController.swift in Sources */ = {isa = PBXBuildFile; fileRef = B240368822AD99FB001C3D00 /* BaseNavigationController.swift */; };
		B240369022AD99FC001C3D00 /* BaseCoordinator.swift in Sources */ = {isa = PBXBuildFile; fileRef = B240368922AD99FB001C3D00 /* BaseCoordinator.swift */; };
		B240369122AD99FC001C3D00 /* BaseViewModelInterface.swift in Sources */ = {isa = PBXBuildFile; fileRef = B240368A22AD99FB001C3D00 /* BaseViewModelInterface.swift */; };
		B240369222AD99FC001C3D00 /* BaseViewModel.swift in Sources */ = {isa = PBXBuildFile; fileRef = B240368B22AD99FB001C3D00 /* BaseViewModel.swift */; };
		B240369422AD99FC001C3D00 /* BaseTableViewCell.swift in Sources */ = {isa = PBXBuildFile; fileRef = B240368D22AD99FC001C3D00 /* BaseTableViewCell.swift */; };
		B240369522AD99FC001C3D00 /* BaseCollectionViewCell.swift in Sources */ = {isa = PBXBuildFile; fileRef = B240368E22AD99FC001C3D00 /* BaseCollectionViewCell.swift */; };
		B240369A22ADA27F001C3D00 /* SomeFlowCoordinator.swift in Sources */ = {isa = PBXBuildFile; fileRef = B240369822ADA27F001C3D00 /* SomeFlowCoordinator.swift */; };
		B240369B22ADA27F001C3D00 /* SomeFlowCoordinatorOutput.swift in Sources */ = {isa = PBXBuildFile; fileRef = B240369922ADA27F001C3D00 /* SomeFlowCoordinatorOutput.swift */; };
		B240369D22ADA359001C3D00 /* Services.swift in Sources */ = {isa = PBXBuildFile; fileRef = B240369C22ADA359001C3D00 /* Services.swift */; };
/* End PBXBuildFile section */

/* Begin PBXFileReference section */
		B20B318A230D7B0D002F6A7D /* SceneViewModelFactory.swift */ = {isa = PBXFileReference; lastKnownFileType = sourcecode.swift; path = SceneViewModelFactory.swift; sourceTree = "<group>"; };
		B20B318D230D7D9D002F6A7D /* SomeSceneViewModel.swift */ = {isa = PBXFileReference; lastKnownFileType = sourcecode.swift; path = SomeSceneViewModel.swift; sourceTree = "<group>"; };
		B20B318F230D7D9D002F6A7D /* SomeSceneViewModelIO.swift */ = {isa = PBXFileReference; lastKnownFileType = sourcecode.swift; path = SomeSceneViewModelIO.swift; sourceTree = "<group>"; };
		B240364222AD8F86001C3D00 /* MVVMCTemplate.app */ = {isa = PBXFileReference; explicitFileType = wrapper.application; includeInIndex = 0; path = MVVMCTemplate.app; sourceTree = BUILT_PRODUCTS_DIR; };
		B240364522AD8F86001C3D00 /* AppDelegate.swift */ = {isa = PBXFileReference; lastKnownFileType = sourcecode.swift; name = AppDelegate.swift; path = ../AppDelegate.swift; sourceTree = "<group>"; };
		B240364722AD8F86001C3D00 /* SceneDelegate.swift */ = {isa = PBXFileReference; lastKnownFileType = sourcecode.swift; name = SceneDelegate.swift; path = ../SceneDelegate.swift; sourceTree = "<group>"; };
		B240364922AD8F86001C3D00 /* SomeSceneView.swift */ = {isa = PBXFileReference; lastKnownFileType = sourcecode.swift; path = SomeSceneView.swift; sourceTree = "<group>"; };
		B240364B22AD8F86001C3D00 /* Assets.xcassets */ = {isa = PBXFileReference; lastKnownFileType = folder.assetcatalog; path = Assets.xcassets; sourceTree = "<group>"; };
		B240364E22AD8F86001C3D00 /* Preview Assets.xcassets */ = {isa = PBXFileReference; lastKnownFileType = folder.assetcatalog; path = "Preview Assets.xcassets"; sourceTree = "<group>"; };
		B240365122AD8F86001C3D00 /* Base */ = {isa = PBXFileReference; lastKnownFileType = file.storyboard; name = Base; path = Base.lproj/LaunchScreen.storyboard; sourceTree = "<group>"; };
		B240365322AD8F86001C3D00 /* Info.plist */ = {isa = PBXFileReference; lastKnownFileType = text.plist.xml; name = Info.plist; path = ../Services/Info.plist; sourceTree = "<group>"; };
		B240365D22AD90BA001C3D00 /* ApplicationCoordinator.swift */ = {isa = PBXFileReference; fileEncoding = 4; lastKnownFileType = sourcecode.swift; path = ApplicationCoordinator.swift; sourceTree = "<group>"; };
		B240366122AD90FE001C3D00 /* SceneFactory.swift */ = {isa = PBXFileReference; fileEncoding = 4; lastKnownFileType = sourcecode.swift; path = SceneFactory.swift; sourceTree = "<group>"; };
		B240366222AD90FF001C3D00 /* CoordinatorFactory.swift */ = {isa = PBXFileReference; fileEncoding = 4; lastKnownFileType = sourcecode.swift; path = CoordinatorFactory.swift; sourceTree = "<group>"; };
		B240366322AD90FF001C3D00 /* CoordinatorFactoryImp.swift */ = {isa = PBXFileReference; fileEncoding = 4; lastKnownFileType = sourcecode.swift; path = CoordinatorFactoryImp.swift; sourceTree = "<group>"; };
		B240366422AD90FF001C3D00 /* SceneFactoryImp.swift */ = {isa = PBXFileReference; fileEncoding = 4; lastKnownFileType = sourcecode.swift; path = SceneFactoryImp.swift; sourceTree = "<group>"; };
		B240366C22AD916D001C3D00 /* Router.swift */ = {isa = PBXFileReference; fileEncoding = 4; lastKnownFileType = sourcecode.swift; path = Router.swift; sourceTree = "<group>"; };
		B240366D22AD916D001C3D00 /* RouterImp.swift */ = {isa = PBXFileReference; fileEncoding = 4; lastKnownFileType = sourcecode.swift; path = RouterImp.swift; sourceTree = "<group>"; };
		B240367222AD91A5001C3D00 /* Coordinator.swift */ = {isa = PBXFileReference; fileEncoding = 4; lastKnownFileType = sourcecode.swift; path = Coordinator.swift; sourceTree = "<group>"; };
		B240367322AD91A5001C3D00 /* Presentable.swift */ = {isa = PBXFileReference; fileEncoding = 4; lastKnownFileType = sourcecode.swift; path = Presentable.swift; sourceTree = "<group>"; };
		B240367822AD91DF001C3D00 /* TableViewCellType.swift */ = {isa = PBXFileReference; fileEncoding = 4; lastKnownFileType = sourcecode.swift; path = TableViewCellType.swift; sourceTree = "<group>"; };
		B240367922AD91DF001C3D00 /* CollectionViewCellType.swift */ = {isa = PBXFileReference; fileEncoding = 4; lastKnownFileType = sourcecode.swift; path = CollectionViewCellType.swift; sourceTree = "<group>"; };
		B240367C22AD91EE001C3D00 /* Colors.swift */ = {isa = PBXFileReference; fileEncoding = 4; lastKnownFileType = sourcecode.swift; path = Colors.swift; sourceTree = "<group>"; };
		B240367D22AD91EE001C3D00 /* Assets.swift */ = {isa = PBXFileReference; fileEncoding = 4; lastKnownFileType = sourcecode.swift; path = Assets.swift; sourceTree = "<group>"; };
		B240367E22AD91EE001C3D00 /* Constants.swift */ = {isa = PBXFileReference; fileEncoding = 4; lastKnownFileType = sourcecode.swift; path = Constants.swift; sourceTree = "<group>"; };
		B240367F22AD91EE001C3D00 /* Fonts.swift */ = {isa = PBXFileReference; fileEncoding = 4; lastKnownFileType = sourcecode.swift; path = Fonts.swift; sourceTree = "<group>"; };
		B240368422AD974E001C3D00 /* Storage.swift */ = {isa = PBXFileReference; fileEncoding = 4; lastKnownFileType = sourcecode.swift; path = Storage.swift; sourceTree = "<group>"; };
		B240368622AD98BE001C3D00 /* Configuration.swift */ = {isa = PBXFileReference; fileEncoding = 4; lastKnownFileType = sourcecode.swift; path = Configuration.swift; sourceTree = "<group>"; };
		B240368822AD99FB001C3D00 /* BaseNavigationController.swift */ = {isa = PBXFileReference; fileEncoding = 4; lastKnownFileType = sourcecode.swift; path = BaseNavigationController.swift; sourceTree = "<group>"; };
		B240368922AD99FB001C3D00 /* BaseCoordinator.swift */ = {isa = PBXFileReference; fileEncoding = 4; lastKnownFileType = sourcecode.swift; path = BaseCoordinator.swift; sourceTree = "<group>"; };
		B240368A22AD99FB001C3D00 /* BaseViewModelInterface.swift */ = {isa = PBXFileReference; fileEncoding = 4; lastKnownFileType = sourcecode.swift; path = BaseViewModelInterface.swift; sourceTree = "<group>"; };
		B240368B22AD99FB001C3D00 /* BaseViewModel.swift */ = {isa = PBXFileReference; fileEncoding = 4; lastKnownFileType = sourcecode.swift; path = BaseViewModel.swift; sourceTree = "<group>"; };
		B240368D22AD99FC001C3D00 /* BaseTableViewCell.swift */ = {isa = PBXFileReference; fileEncoding = 4; lastKnownFileType = sourcecode.swift; path = BaseTableViewCell.swift; sourceTree = "<group>"; };
		B240368E22AD99FC001C3D00 /* BaseCollectionViewCell.swift */ = {isa = PBXFileReference; fileEncoding = 4; lastKnownFileType = sourcecode.swift; path = BaseCollectionViewCell.swift; sourceTree = "<group>"; };
		B240369822ADA27F001C3D00 /* SomeFlowCoordinator.swift */ = {isa = PBXFileReference; fileEncoding = 4; lastKnownFileType = sourcecode.swift; path = SomeFlowCoordinator.swift; sourceTree = "<group>"; };
		B240369922ADA27F001C3D00 /* SomeFlowCoordinatorOutput.swift */ = {isa = PBXFileReference; fileEncoding = 4; lastKnownFileType = sourcecode.swift; path = SomeFlowCoordinatorOutput.swift; sourceTree = "<group>"; };
		B240369C22ADA359001C3D00 /* Services.swift */ = {isa = PBXFileReference; lastKnownFileType = sourcecode.swift; path = Services.swift; sourceTree = "<group>"; };
/* End PBXFileReference section */

/* Begin PBXFrameworksBuildPhase section */
		B240363F22AD8F86001C3D00 /* Frameworks */ = {
			isa = PBXFrameworksBuildPhase;
			buildActionMask = 2147483647;
			files = (
			);
			runOnlyForDeploymentPostprocessing = 0;
		};
/* End PBXFrameworksBuildPhase section */

/* Begin PBXGroup section */
		B240363922AD8F86001C3D00 = {
			isa = PBXGroup;
			children = (
				B240364422AD8F86001C3D00 /* MVVMCTemplate */,
				B240364322AD8F86001C3D00 /* Products */,
			);
			sourceTree = "<group>";
		};
		B240364322AD8F86001C3D00 /* Products */ = {
			isa = PBXGroup;
			children = (
				B240364222AD8F86001C3D00 /* MVVMCTemplate.app */,
			);
			name = Products;
			sourceTree = "<group>";
		};
		B240364422AD8F86001C3D00 /* MVVMCTemplate */ = {
			isa = PBXGroup;
			children = (
				B240365922AD901C001C3D00 /* Application */,
				B240369722ADA261001C3D00 /* Flows */,
				B240365F22AD90C8001C3D00 /* Services */,
				B240369622AD9A0E001C3D00 /* Utilities */,
				B240365A22AD902C001C3D00 /* Ressources */,
			);
			path = MVVMCTemplate;
			sourceTree = "<group>";
		};
		B240364D22AD8F86001C3D00 /* Preview Content */ = {
			isa = PBXGroup;
			children = (
				B240364E22AD8F86001C3D00 /* Preview Assets.xcassets */,
			);
			path = "Preview Content";
			sourceTree = "<group>";
		};
		B240365922AD901C001C3D00 /* Application */ = {
			isa = PBXGroup;
			children = (
				B240364522AD8F86001C3D00 /* AppDelegate.swift */,
				B240364722AD8F86001C3D00 /* SceneDelegate.swift */,
				B240365D22AD90BA001C3D00 /* ApplicationCoordinator.swift */,
				B240368422AD974E001C3D00 /* Storage.swift */,
			);
			path = Application;
			sourceTree = "<group>";
		};
		B240365A22AD902C001C3D00 /* Ressources */ = {
			isa = PBXGroup;
			children = (
				B240365022AD8F86001C3D00 /* LaunchScreen.storyboard */,
				B240365322AD8F86001C3D00 /* Info.plist */,
				B240368622AD98BE001C3D00 /* Configuration.swift */,
				B240366B22AD912A001C3D00 /* Assets */,
				B240366922AD910E001C3D00 /* Fonts */,
				B240366A22AD9114001C3D00 /* Strings */,
			);
			path = Ressources;
			sourceTree = "<group>";
		};
		B240365B22AD9070001C3D00 /* Routers */ = {
			isa = PBXGroup;
			children = (
				B240366C22AD916D001C3D00 /* Router.swift */,
				B240366D22AD916D001C3D00 /* RouterImp.swift */,
			);
			path = Routers;
			sourceTree = "<group>";
		};
		B240365C22AD908A001C3D00 /* Factories */ = {
			isa = PBXGroup;
			children = (
				B240366222AD90FF001C3D00 /* CoordinatorFactory.swift */,
				B240366322AD90FF001C3D00 /* CoordinatorFactoryImp.swift */,
				B240366122AD90FE001C3D00 /* SceneFactory.swift */,
				B240366422AD90FF001C3D00 /* SceneFactoryImp.swift */,
				B20B318A230D7B0D002F6A7D /* SceneViewModelFactory.swift */,
			);
			path = Factories;
			sourceTree = "<group>";
		};
		B240365F22AD90C8001C3D00 /* Services */ = {
			isa = PBXGroup;
			children = (
				B240369C22ADA359001C3D00 /* Services.swift */,
			);
			path = Services;
			sourceTree = "<group>";
		};
		B240366022AD90DA001C3D00 /* Scenes */ = {
			isa = PBXGroup;
			children = (
				B240364922AD8F86001C3D00 /* SomeSceneView.swift */,
				B20B318F230D7D9D002F6A7D /* SomeSceneViewModelIO.swift */,
				B20B318D230D7D9D002F6A7D /* SomeSceneViewModel.swift */,
			);
			path = Scenes;
			sourceTree = "<group>";
		};
		B240366922AD910E001C3D00 /* Fonts */ = {
			isa = PBXGroup;
			children = (
			);
			path = Fonts;
			sourceTree = "<group>";
		};
		B240366A22AD9114001C3D00 /* Strings */ = {
			isa = PBXGroup;
			children = (
			);
			path = Strings;
			sourceTree = "<group>";
		};
		B240366B22AD912A001C3D00 /* Assets */ = {
			isa = PBXGroup;
			children = (
				B240364D22AD8F86001C3D00 /* Preview Content */,
				B240364B22AD8F86001C3D00 /* Assets.xcassets */,
			);
			path = Assets;
			sourceTree = "<group>";
		};
		B240367022AD9191001C3D00 /* Protocols */ = {
			isa = PBXGroup;
			children = (
				B240367222AD91A5001C3D00 /* Coordinator.swift */,
				B240367322AD91A5001C3D00 /* Presentable.swift */,
			);
			path = Protocols;
			sourceTree = "<group>";
		};
		B240367722AD91C8001C3D00 /* Enums */ = {
			isa = PBXGroup;
			children = (
				B240367E22AD91EE001C3D00 /* Constants.swift */,
				B240367D22AD91EE001C3D00 /* Assets.swift */,
				B240367C22AD91EE001C3D00 /* Colors.swift */,
				B240367F22AD91EE001C3D00 /* Fonts.swift */,
				B240367822AD91DF001C3D00 /* TableViewCellType.swift */,
				B240367922AD91DF001C3D00 /* CollectionViewCellType.swift */,
			);
			path = Enums;
			sourceTree = "<group>";
		};
		B240369622AD9A0E001C3D00 /* Utilities */ = {
			isa = PBXGroup;
			children = (
				B240365B22AD9070001C3D00 /* Routers */,
				B240365C22AD908A001C3D00 /* Factories */,
				B240367722AD91C8001C3D00 /* Enums */,
				B240367022AD9191001C3D00 /* Protocols */,
				B240368922AD99FB001C3D00 /* BaseCoordinator.swift */,
				B240368822AD99FB001C3D00 /* BaseNavigationController.swift */,
				B240368A22AD99FB001C3D00 /* BaseViewModelInterface.swift */,
				B240368B22AD99FB001C3D00 /* BaseViewModel.swift */,
				B240368E22AD99FC001C3D00 /* BaseCollectionViewCell.swift */,
				B240368D22AD99FC001C3D00 /* BaseTableViewCell.swift */,
			);
			path = Utilities;
			sourceTree = "<group>";
		};
		B240369722ADA261001C3D00 /* Flows */ = {
			isa = PBXGroup;
			children = (
				B240369822ADA27F001C3D00 /* SomeFlowCoordinator.swift */,
				B240369922ADA27F001C3D00 /* SomeFlowCoordinatorOutput.swift */,
				B240366022AD90DA001C3D00 /* Scenes */,
			);
			path = Flows;
			sourceTree = "<group>";
		};
/* End PBXGroup section */

/* Begin PBXNativeTarget section */
		B240364122AD8F86001C3D00 /* MVVMCTemplate */ = {
			isa = PBXNativeTarget;
			buildConfigurationList = B240365622AD8F86001C3D00 /* Build configuration list for PBXNativeTarget "MVVMCTemplate" */;
			buildPhases = (
				B240363E22AD8F86001C3D00 /* Sources */,
				B240363F22AD8F86001C3D00 /* Frameworks */,
				B240364022AD8F86001C3D00 /* Resources */,
			);
			buildRules = (
			);
			dependencies = (
			);
			name = MVVMCTemplate;
			productName = MVVMCTemplate;
			productReference = B240364222AD8F86001C3D00 /* MVVMCTemplate.app */;
			productType = "com.apple.product-type.application";
		};
/* End PBXNativeTarget section */

/* Begin PBXProject section */
		B240363A22AD8F86001C3D00 /* Project object */ = {
			isa = PBXProject;
			attributes = {
				LastSwiftUpdateCheck = 1100;
				LastUpgradeCheck = 1100;
				ORGANIZATIONNAME = "Fromage Charley";
				TargetAttributes = {
					B240364122AD8F86001C3D00 = {
						CreatedOnToolsVersion = 11.0;
					};
				};
			};
			buildConfigurationList = B240363D22AD8F86001C3D00 /* Build configuration list for PBXProject "MVVMCTemplate" */;
			compatibilityVersion = "Xcode 9.3";
			developmentRegion = en;
			hasScannedForEncodings = 0;
			knownRegions = (
				en,
				Base,
			);
			mainGroup = B240363922AD8F86001C3D00;
			productRefGroup = B240364322AD8F86001C3D00 /* Products */;
			projectDirPath = "";
			projectRoot = "";
			targets = (
				B240364122AD8F86001C3D00 /* MVVMCTemplate */,
			);
		};
/* End PBXProject section */

/* Begin PBXResourcesBuildPhase section */
		B240364022AD8F86001C3D00 /* Resources */ = {
			isa = PBXResourcesBuildPhase;
			buildActionMask = 2147483647;
			files = (
				B240365222AD8F86001C3D00 /* LaunchScreen.storyboard in Resources */,
				B240364F22AD8F86001C3D00 /* Preview Assets.xcassets in Resources */,
				B240364C22AD8F86001C3D00 /* Assets.xcassets in Resources */,
			);
			runOnlyForDeploymentPostprocessing = 0;
		};
/* End PBXResourcesBuildPhase section */

/* Begin PBXSourcesBuildPhase section */
		B240363E22AD8F86001C3D00 /* Sources */ = {
			isa = PBXSourcesBuildPhase;
			buildActionMask = 2147483647;
			files = (
				B240364622AD8F86001C3D00 /* AppDelegate.swift in Sources */,
				B20B3191230D7D9D002F6A7D /* SomeSceneViewModel.swift in Sources */,
				B240364822AD8F86001C3D00 /* SceneDelegate.swift in Sources */,
				B240366522AD90FF001C3D00 /* SceneFactory.swift in Sources */,
				B240368522AD974E001C3D00 /* Storage.swift in Sources */,
				B240367A22AD91DF001C3D00 /* TableViewCellType.swift in Sources */,
				B240369D22ADA359001C3D00 /* Services.swift in Sources */,
				B240369222AD99FC001C3D00 /* BaseViewModel.swift in Sources */,
				B240367B22AD91DF001C3D00 /* CollectionViewCellType.swift in Sources */,
				B240366F22AD916D001C3D00 /* RouterImp.swift in Sources */,
				B240369122AD99FC001C3D00 /* BaseViewModelInterface.swift in Sources */,
				B20B3193230D7D9D002F6A7D /* SomeSceneViewModelIO.swift in Sources */,
				B240368122AD91EF001C3D00 /* Assets.swift in Sources */,
				B240369A22ADA27F001C3D00 /* SomeFlowCoordinator.swift in Sources */,
				B20B318B230D7B0D002F6A7D /* SceneViewModelFactory.swift in Sources */,
				B240368F22AD99FC001C3D00 /* BaseNavigationController.swift in Sources */,
				B240369522AD99FC001C3D00 /* BaseCollectionViewCell.swift in Sources */,
				B240369022AD99FC001C3D00 /* BaseCoordinator.swift in Sources */,
				B240366622AD90FF001C3D00 /* CoordinatorFactory.swift in Sources */,
				B240366E22AD916D001C3D00 /* Router.swift in Sources */,
				B240366722AD90FF001C3D00 /* CoordinatorFactoryImp.swift in Sources */,
				B240368022AD91EF001C3D00 /* Colors.swift in Sources */,
				B240366822AD90FF001C3D00 /* SceneFactoryImp.swift in Sources */,
				B240369B22ADA27F001C3D00 /* SomeFlowCoordinatorOutput.swift in Sources */,
				B240367522AD91A5001C3D00 /* Coordinator.swift in Sources */,
				B240364A22AD8F86001C3D00 /* SomeSceneView.swift in Sources */,
				B240367622AD91A5001C3D00 /* Presentable.swift in Sources */,
				B240365E22AD90BA001C3D00 /* ApplicationCoordinator.swift in Sources */,
				B240368722AD98BE001C3D00 /* Configuration.swift in Sources */,
				B240368322AD91EF001C3D00 /* Fonts.swift in Sources */,
				B240369422AD99FC001C3D00 /* BaseTableViewCell.swift in Sources */,
				B240368222AD91EF001C3D00 /* Constants.swift in Sources */,
			);
			runOnlyForDeploymentPostprocessing = 0;
		};
/* End PBXSourcesBuildPhase section */

/* Begin PBXVariantGroup section */
		B240365022AD8F86001C3D00 /* LaunchScreen.storyboard */ = {
			isa = PBXVariantGroup;
			children = (
				B240365122AD8F86001C3D00 /* Base */,
			);
			name = LaunchScreen.storyboard;
			sourceTree = "<group>";
		};
/* End PBXVariantGroup section */

/* Begin XCBuildConfiguration section */
		B240365422AD8F86001C3D00 /* Debug */ = {
			isa = XCBuildConfiguration;
			buildSettings = {
				ALWAYS_SEARCH_USER_PATHS = NO;
				CLANG_ANALYZER_NONNULL = YES;
				CLANG_ANALYZER_NUMBER_OBJECT_CONVERSION = YES_AGGRESSIVE;
				CLANG_CXX_LANGUAGE_STANDARD = "gnu++14";
				CLANG_CXX_LIBRARY = "libc++";
				CLANG_ENABLE_MODULES = YES;
				CLANG_ENABLE_OBJC_ARC = YES;
				CLANG_ENABLE_OBJC_WEAK = YES;
				CLANG_WARN_BLOCK_CAPTURE_AUTORELEASING = YES;
				CLANG_WARN_BOOL_CONVERSION = YES;
				CLANG_WARN_COMMA = YES;
				CLANG_WARN_CONSTANT_CONVERSION = YES;
				CLANG_WARN_DEPRECATED_OBJC_IMPLEMENTATIONS = YES;
				CLANG_WARN_DIRECT_OBJC_ISA_USAGE = YES_ERROR;
				CLANG_WARN_DOCUMENTATION_COMMENTS = YES;
				CLANG_WARN_EMPTY_BODY = YES;
				CLANG_WARN_ENUM_CONVERSION = YES;
				CLANG_WARN_INFINITE_RECURSION = YES;
				CLANG_WARN_INT_CONVERSION = YES;
				CLANG_WARN_NON_LITERAL_NULL_CONVERSION = YES;
				CLANG_WARN_OBJC_IMPLICIT_RETAIN_SELF = YES;
				CLANG_WARN_OBJC_LITERAL_CONVERSION = YES;
				CLANG_WARN_OBJC_ROOT_CLASS = YES_ERROR;
				CLANG_WARN_RANGE_LOOP_ANALYSIS = YES;
				CLANG_WARN_STRICT_PROTOTYPES = YES;
				CLANG_WARN_SUSPICIOUS_MOVE = YES;
				CLANG_WARN_UNGUARDED_AVAILABILITY = YES_AGGRESSIVE;
				CLANG_WARN_UNREACHABLE_CODE = YES;
				CLANG_WARN__DUPLICATE_METHOD_MATCH = YES;
				COPY_PHASE_STRIP = NO;
				DEBUG_INFORMATION_FORMAT = dwarf;
				ENABLE_STRICT_OBJC_MSGSEND = YES;
				ENABLE_TESTABILITY = YES;
				GCC_C_LANGUAGE_STANDARD = gnu11;
				GCC_DYNAMIC_NO_PIC = NO;
				GCC_NO_COMMON_BLOCKS = YES;
				GCC_OPTIMIZATION_LEVEL = 0;
				GCC_PREPROCESSOR_DEFINITIONS = (
					"DEBUG=1",
					"$(inherited)",
				);
				GCC_WARN_64_TO_32_BIT_CONVERSION = YES;
				GCC_WARN_ABOUT_RETURN_TYPE = YES_ERROR;
				GCC_WARN_UNDECLARED_SELECTOR = YES;
				GCC_WARN_UNINITIALIZED_AUTOS = YES_AGGRESSIVE;
				GCC_WARN_UNUSED_FUNCTION = YES;
				GCC_WARN_UNUSED_VARIABLE = YES;
				IPHONEOS_DEPLOYMENT_TARGET = 13.0;
				MTL_ENABLE_DEBUG_INFO = INCLUDE_SOURCE;
				MTL_FAST_MATH = YES;
				ONLY_ACTIVE_ARCH = YES;
				SDKROOT = iphoneos;
				SWIFT_ACTIVE_COMPILATION_CONDITIONS = DEBUG;
				SWIFT_OPTIMIZATION_LEVEL = "-Onone";
			};
			name = Debug;
		};
		B240365522AD8F86001C3D00 /* Release */ = {
			isa = XCBuildConfiguration;
			buildSettings = {
				ALWAYS_SEARCH_USER_PATHS = NO;
				CLANG_ANALYZER_NONNULL = YES;
				CLANG_ANALYZER_NUMBER_OBJECT_CONVERSION = YES_AGGRESSIVE;
				CLANG_CXX_LANGUAGE_STANDARD = "gnu++14";
				CLANG_CXX_LIBRARY = "libc++";
				CLANG_ENABLE_MODULES = YES;
				CLANG_ENABLE_OBJC_ARC = YES;
				CLANG_ENABLE_OBJC_WEAK = YES;
				CLANG_WARN_BLOCK_CAPTURE_AUTORELEASING = YES;
				CLANG_WARN_BOOL_CONVERSION = YES;
				CLANG_WARN_COMMA = YES;
				CLANG_WARN_CONSTANT_CONVERSION = YES;
				CLANG_WARN_DEPRECATED_OBJC_IMPLEMENTATIONS = YES;
				CLANG_WARN_DIRECT_OBJC_ISA_USAGE = YES_ERROR;
				CLANG_WARN_DOCUMENTATION_COMMENTS = YES;
				CLANG_WARN_EMPTY_BODY = YES;
				CLANG_WARN_ENUM_CONVERSION = YES;
				CLANG_WARN_INFINITE_RECURSION = YES;
				CLANG_WARN_INT_CONVERSION = YES;
				CLANG_WARN_NON_LITERAL_NULL_CONVERSION = YES;
				CLANG_WARN_OBJC_IMPLICIT_RETAIN_SELF = YES;
				CLANG_WARN_OBJC_LITERAL_CONVERSION = YES;
				CLANG_WARN_OBJC_ROOT_CLASS = YES_ERROR;
				CLANG_WARN_RANGE_LOOP_ANALYSIS = YES;
				CLANG_WARN_STRICT_PROTOTYPES = YES;
				CLANG_WARN_SUSPICIOUS_MOVE = YES;
				CLANG_WARN_UNGUARDED_AVAILABILITY = YES_AGGRESSIVE;
				CLANG_WARN_UNREACHABLE_CODE = YES;
				CLANG_WARN__DUPLICATE_METHOD_MATCH = YES;
				COPY_PHASE_STRIP = NO;
				DEBUG_INFORMATION_FORMAT = "dwarf-with-dsym";
				ENABLE_NS_ASSERTIONS = NO;
				ENABLE_STRICT_OBJC_MSGSEND = YES;
				GCC_C_LANGUAGE_STANDARD = gnu11;
				GCC_NO_COMMON_BLOCKS = YES;
				GCC_WARN_64_TO_32_BIT_CONVERSION = YES;
				GCC_WARN_ABOUT_RETURN_TYPE = YES_ERROR;
				GCC_WARN_UNDECLARED_SELECTOR = YES;
				GCC_WARN_UNINITIALIZED_AUTOS = YES_AGGRESSIVE;
				GCC_WARN_UNUSED_FUNCTION = YES;
				GCC_WARN_UNUSED_VARIABLE = YES;
				IPHONEOS_DEPLOYMENT_TARGET = 13.0;
				MTL_ENABLE_DEBUG_INFO = NO;
				MTL_FAST_MATH = YES;
				SDKROOT = iphoneos;
				SWIFT_COMPILATION_MODE = wholemodule;
				SWIFT_OPTIMIZATION_LEVEL = "-O";
				VALIDATE_PRODUCT = YES;
			};
			name = Release;
		};
		B240365722AD8F86001C3D00 /* Debug */ = {
			isa = XCBuildConfiguration;
			buildSettings = {
				ASSETCATALOG_COMPILER_APPICON_NAME = AppIcon;
				CODE_SIGN_STYLE = Automatic;
				DEVELOPMENT_TEAM = MLQB46LVMW;
				ENABLE_PREVIEWS = YES;
				INFOPLIST_FILE = MVVMCTemplate/Info.plist;
				LD_RUNPATH_SEARCH_PATHS = (
					"$(inherited)",
					"@executable_path/Frameworks",
				);
				PRODUCT_BUNDLE_IDENTIFIER = voodoocoding.MVVMCTemplate;
				PRODUCT_NAME = "$(TARGET_NAME)";
				SWIFT_VERSION = 5.0;
				TARGETED_DEVICE_FAMILY = "1,2";
			};
			name = Debug;
		};
		B240365822AD8F86001C3D00 /* Release */ = {
			isa = XCBuildConfiguration;
			buildSettings = {
				ASSETCATALOG_COMPILER_APPICON_NAME = AppIcon;
				CODE_SIGN_STYLE = Automatic;
				DEVELOPMENT_TEAM = MLQB46LVMW;
				ENABLE_PREVIEWS = YES;
				INFOPLIST_FILE = MVVMCTemplate/Info.plist;
				LD_RUNPATH_SEARCH_PATHS = (
					"$(inherited)",
					"@executable_path/Frameworks",
				);
				PRODUCT_BUNDLE_IDENTIFIER = voodoocoding.MVVMCTemplate;
				PRODUCT_NAME = "$(TARGET_NAME)";
				SWIFT_VERSION = 5.0;
				TARGETED_DEVICE_FAMILY = "1,2";
			};
			name = Release;
		};
/* End XCBuildConfiguration section */

/* Begin XCConfigurationList section */
		B240363D22AD8F86001C3D00 /* Build configuration list for PBXProject "MVVMCTemplate" */ = {
			isa = XCConfigurationList;
			buildConfigurations = (
				B240365422AD8F86001C3D00 /* Debug */,
				B240365522AD8F86001C3D00 /* Release */,
			);
			defaultConfigurationIsVisible = 0;
			defaultConfigurationName = Release;
		};
		B240365622AD8F86001C3D00 /* Build configuration list for PBXNativeTarget "MVVMCTemplate" */ = {
			isa = XCConfigurationList;
			buildConfigurations = (
				B240365722AD8F86001C3D00 /* Debug */,
				B240365822AD8F86001C3D00 /* Release */,
			);
			defaultConfigurationIsVisible = 0;
			defaultConfigurationName = Release;
		};
/* End XCConfigurationList section */
	};
	rootObject = B240363A22AD8F86001C3D00 /* Project object */;
}
